
Microsoft Visual Studio Solution File, Format Version 12.00
# Visual Studio 15
VisualStudioVersion = 15.0.26730.8
MinimumVisualStudioVersion = 10.0.40219.1
Project("{FAE04EC0-301F-11D3-BF4B-00C04F79EFBC}") = "DataLoader", "DataLoader\DataLoader.csproj", "{F6AEA9C2-89E0-4827-9BE1-8949274F1DF7}"
EndProject
Project("{2150E333-8FDC-42A3-9474-1A3956D46DE8}") = "Data", "Data", "{A1BAC283-443E-4084-9E8A-1116F3CAED81}"
EndProject
Project("{FAE04EC0-301F-11D3-BF4B-00C04F79EFBC}") = "CNTK.CommonUtilites", "CNTK.CommonUtilites\CNTK.CommonUtilites.csproj", "{CC989040-4F2C-4434-BC59-0F78615E72A3}"
EndProject
Global
	GlobalSection(SolutionConfigurationPlatforms) = preSolution
		Debug|Any CPU = Debug|Any CPU
		Release|Any CPU = Release|Any CPU
	EndGlobalSection
	GlobalSection(ProjectConfigurationPlatforms) = postSolution
		{F6AEA9C2-89E0-4827-9BE1-8949274F1DF7}.Debug|Any CPU.ActiveCfg = Debug|Any CPU
		{F6AEA9C2-89E0-4827-9BE1-8949274F1DF7}.Debug|Any CPU.Build.0 = Debug|Any CPU
		{F6AEA9C2-89E0-4827-9BE1-8949274F1DF7}.Release|Any CPU.ActiveCfg = Release|Any CPU
		{F6AEA9C2-89E0-4827-9BE1-8949274F1DF7}.Release|Any CPU.Build.0 = Release|Any CPU
		{CC989040-4F2C-4434-BC59-0F78615E72A3}.Debug|Any CPU.ActiveCfg = Debug|Any CPU
		{CC989040-4F2C-4434-BC59-0F78615E72A3}.Debug|Any CPU.Build.0 = Debug|Any CPU
		{CC989040-4F2C-4434-BC59-0F78615E72A3}.Release|Any CPU.ActiveCfg = Release|Any CPU
		{CC989040-4F2C-4434-BC59-0F78615E72A3}.Release|Any CPU.Build.0 = Release|Any CPU
	EndGlobalSection
	GlobalSection(SolutionProperties) = preSolution
		HideSolutionNode = FALSE
	EndGlobalSection
	GlobalSection(ExtensibilityGlobals) = postSolution
		SolutionGuid = {0D4F4100-065A-4A2F-9044-8EBA99E47AAB}
	EndGlobalSection
EndGlobal
